<Solution>
  <Folder Name="/Solution Items/">
    <File Path=".gitignore" />
    <File Path=".editorconfig" />
    <File Path="LICENSE" />
    <File Path="README.md" />
    <File Path="CHANGELOG.md" />
    <File Path="Directory.Build.props" />
    <File Path="Directory.Packages.props" />
  </Folder>
  <Project Path="src/NDB.Platform.Core.csproj" />
  <Project Path="analyzers/NDB.Platform.Core.Analyzers.csproj" />
  <Project Path="tests/NDB.Platform.Core.Tests.csproj" />
</Solution>
